{
  "name": "nodejs-docker-hello-world",
  "version": "1.0.0",
  "lockfileVersion": 1,
  "requires": true,
  "dependencies": {
    "http": {
      "version": "0.0.1-security",
      "resolved": "https://registry.npmjs.org/http/-/http-0.0.1-security.tgz",
      "integrity": "sha1-XGo6AnP8aSneBvrCvLpKBFTFvZ4="
    }
  }
}
